
Microsoft Visual Studio Solution File, Format Version 12.00
# Visual Studio Version 16
VisualStudioVersion = 16.0.31112.23
MinimumVisualStudioVersion = 10.0.40219.1
Project("{FAE04EC0-301F-11D3-BF4B-00C04F79EFBC}") = "D365.CustomApi", "D365.Crm.Plugins\D365.CustomApi.csproj", "{DA57C953-CB51-4D73-8525-A950AC82FA83}"
EndProject
Project("{FAE04EC0-301F-11D3-BF4B-00C04F79EFBC}") = "Test.Console", "Test.Console\Test.Console.csproj", "{FA765494-8EEE-4789-A16A-E1160FB22FC3}"
EndProject
Project("{FAE04EC0-301F-11D3-BF4B-00C04F79EFBC}") = "D365Service", "CrmServiceClient\D365Service.csproj", "{3E9AC8BA-7670-496A-B16E-4A4F1E8E5CA0}"
EndProject
Global
	GlobalSection(SolutionConfigurationPlatforms) = preSolution
		Debug|Any CPU = Debug|Any CPU
		Release|Any CPU = Release|Any CPU
	EndGlobalSection
	GlobalSection(ProjectConfigurationPlatforms) = postSolution
		{DA57C953-CB51-4D73-8525-A950AC82FA83}.Debug|Any CPU.ActiveCfg = Debug|Any CPU
		{DA57C953-CB51-4D73-8525-A950AC82FA83}.Debug|Any CPU.Build.0 = Debug|Any CPU
		{DA57C953-CB51-4D73-8525-A950AC82FA83}.Release|Any CPU.ActiveCfg = Release|Any CPU
		{DA57C953-CB51-4D73-8525-A950AC82FA83}.Release|Any CPU.Build.0 = Release|Any CPU
		{FA765494-8EEE-4789-A16A-E1160FB22FC3}.Debug|Any CPU.ActiveCfg = Debug|Any CPU
		{FA765494-8EEE-4789-A16A-E1160FB22FC3}.Debug|Any CPU.Build.0 = Debug|Any CPU
		{FA765494-8EEE-4789-A16A-E1160FB22FC3}.Release|Any CPU.ActiveCfg = Release|Any CPU
		{FA765494-8EEE-4789-A16A-E1160FB22FC3}.Release|Any CPU.Build.0 = Release|Any CPU
		{3E9AC8BA-7670-496A-B16E-4A4F1E8E5CA0}.Debug|Any CPU.ActiveCfg = Debug|Any CPU
		{3E9AC8BA-7670-496A-B16E-4A4F1E8E5CA0}.Debug|Any CPU.Build.0 = Debug|Any CPU
		{3E9AC8BA-7670-496A-B16E-4A4F1E8E5CA0}.Release|Any CPU.ActiveCfg = Release|Any CPU
		{3E9AC8BA-7670-496A-B16E-4A4F1E8E5CA0}.Release|Any CPU.Build.0 = Release|Any CPU
	EndGlobalSection
	GlobalSection(SolutionProperties) = preSolution
		HideSolutionNode = FALSE
	EndGlobalSection
	GlobalSection(ExtensibilityGlobals) = postSolution
		SolutionGuid = {B2843453-B946-433A-86B2-376E18A29C02}
	EndGlobalSection
EndGlobal
